Microsoft Visual Studio Solution File, Format Version 11.00
# Visual Studio 2010
Project("{FAE04EC0-301F-11D3-BF4B-00C04F79EFBC}") = "Assembly-CSharp", "Assembly-CSharp.csproj", "{B1876E0F-E9BD-399C-F113-BD127FD47144}"
EndProject
Project("{FAE04EC0-301F-11D3-BF4B-00C04F79EFBC}") = "Assembly-CSharp-Editor", "Assembly-CSharp-Editor.csproj", "{FB5DB490-6771-A8DD-DE46-D60D9CF4A6D0}"
EndProject
Global
	GlobalSection(SolutionConfigurationPlatforms) = preSolution
		Debug|Any CPU = Debug|Any CPU
		Release|Any CPU = Release|Any CPU
	EndGlobalSection
	GlobalSection(ProjectConfigurationPlatforms) = postSolution
		{B1876E0F-E9BD-399C-F113-BD127FD47144}.Debug|Any CPU.ActiveCfg = Debug|Any CPU
		{B1876E0F-E9BD-399C-F113-BD127FD47144}.Debug|Any CPU.Build.0 = Debug|Any CPU
		{B1876E0F-E9BD-399C-F113-BD127FD47144}.Release|Any CPU.ActiveCfg = Release|Any CPU
		{B1876E0F-E9BD-399C-F113-BD127FD47144}.Release|Any CPU.Build.0 = Release|Any CPU
		{FB5DB490-6771-A8DD-DE46-D60D9CF4A6D0}.Debug|Any CPU.ActiveCfg = Debug|Any CPU
		{FB5DB490-6771-A8DD-DE46-D60D9CF4A6D0}.Debug|Any CPU.Build.0 = Debug|Any CPU
		{FB5DB490-6771-A8DD-DE46-D60D9CF4A6D0}.Release|Any CPU.ActiveCfg = Release|Any CPU
		{FB5DB490-6771-A8DD-DE46-D60D9CF4A6D0}.Release|Any CPU.Build.0 = Release|Any CPU
	EndGlobalSection
	GlobalSection(SolutionProperties) = preSolution
		HideSolutionNode = FALSE
	EndGlobalSection
	GlobalSection(MonoDevelopProperties) = preSolution
		StartupItem = Assembly-CSharp.csproj
	EndGlobalSection
EndGlobal
